
Microsoft Visual Studio Solution File, Format Version 12.00
# Visual Studio Version 16
VisualStudioVersion = 16.0.30011.22
MinimumVisualStudioVersion = 10.0.40219.1
Project("{FAE04EC0-301F-11D3-BF4B-00C04F79EFBC}") = "BlazorApp7.Server", "BlazorApp7\Server\BlazorApp7.Server.csproj", "{208AA53C-E696-47E9-81ED-22DD9651353C}"
EndProject
Project("{FAE04EC0-301F-11D3-BF4B-00C04F79EFBC}") = "BlazorApp7.Client", "BlazorApp7\Client\BlazorApp7.Client.csproj", "{0F3DB828-3A0D-4784-A68B-524B26CDBED3}"
EndProject
Project("{FAE04EC0-301F-11D3-BF4B-00C04F79EFBC}") = "BlazorApp7.Shared", "BlazorApp7\Shared\BlazorApp7.Shared.csproj", "{3EBFA4E9-C76A-48A8-91EC-7CABEFA3E424}"
EndProject
Global
	GlobalSection(SolutionConfigurationPlatforms) = preSolution
		Debug|Any CPU = Debug|Any CPU
		Release|Any CPU = Release|Any CPU
	EndGlobalSection
	GlobalSection(ProjectConfigurationPlatforms) = postSolution
		{208AA53C-E696-47E9-81ED-22DD9651353C}.Debug|Any CPU.ActiveCfg = Debug|Any CPU
		{208AA53C-E696-47E9-81ED-22DD9651353C}.Debug|Any CPU.Build.0 = Debug|Any CPU
		{208AA53C-E696-47E9-81ED-22DD9651353C}.Release|Any CPU.ActiveCfg = Release|Any CPU
		{208AA53C-E696-47E9-81ED-22DD9651353C}.Release|Any CPU.Build.0 = Release|Any CPU
		{0F3DB828-3A0D-4784-A68B-524B26CDBED3}.Debug|Any CPU.ActiveCfg = Debug|Any CPU
		{0F3DB828-3A0D-4784-A68B-524B26CDBED3}.Debug|Any CPU.Build.0 = Debug|Any CPU
		{0F3DB828-3A0D-4784-A68B-524B26CDBED3}.Release|Any CPU.ActiveCfg = Release|Any CPU
		{0F3DB828-3A0D-4784-A68B-524B26CDBED3}.Release|Any CPU.Build.0 = Release|Any CPU
		{3EBFA4E9-C76A-48A8-91EC-7CABEFA3E424}.Debug|Any CPU.ActiveCfg = Debug|Any CPU
		{3EBFA4E9-C76A-48A8-91EC-7CABEFA3E424}.Debug|Any CPU.Build.0 = Debug|Any CPU
		{3EBFA4E9-C76A-48A8-91EC-7CABEFA3E424}.Release|Any CPU.ActiveCfg = Release|Any CPU
		{3EBFA4E9-C76A-48A8-91EC-7CABEFA3E424}.Release|Any CPU.Build.0 = Release|Any CPU
	EndGlobalSection
	GlobalSection(SolutionProperties) = preSolution
		HideSolutionNode = FALSE
	EndGlobalSection
	GlobalSection(ExtensibilityGlobals) = postSolution
		SolutionGuid = {5CB8D660-67D6-4F8D-98F2-28AFF1FB1961}
	EndGlobalSection
EndGlobal
